
Microsoft Visual Studio Solution File, Format Version 12.00
# Visual Studio Version 17
VisualStudioVersion = 17.8.34302.71
MinimumVisualStudioVersion = 10.0.40219.1
Project("{FAE04EC0-301F-11D3-BF4B-00C04F79EFBC}") = "RollbarMauiApp", "RollbarMauiApp.csproj", "{A5FC288E-A1D6-4EB5-A4DF-89214FDBFA20}"
EndProject
Global
	GlobalSection(SolutionConfigurationPlatforms) = preSolution
		Debug|Any CPU = Debug|Any CPU
		Release|Any CPU = Release|Any CPU
	EndGlobalSection
	GlobalSection(ProjectConfigurationPlatforms) = postSolution
		{A5FC288E-A1D6-4EB5-A4DF-89214FDBFA20}.Debug|Any CPU.ActiveCfg = Debug|Any CPU
		{A5FC288E-A1D6-4EB5-A4DF-89214FDBFA20}.Debug|Any CPU.Build.0 = Debug|Any CPU
		{A5FC288E-A1D6-4EB5-A4DF-89214FDBFA20}.Debug|Any CPU.Deploy.0 = Debug|Any CPU
		{A5FC288E-A1D6-4EB5-A4DF-89214FDBFA20}.Release|Any CPU.ActiveCfg = Release|Any CPU
		{A5FC288E-A1D6-4EB5-A4DF-89214FDBFA20}.Release|Any CPU.Build.0 = Release|Any CPU
		{A5FC288E-A1D6-4EB5-A4DF-89214FDBFA20}.Release|Any CPU.Deploy.0 = Release|Any CPU
	EndGlobalSection
	GlobalSection(SolutionProperties) = preSolution
		HideSolutionNode = FALSE
	EndGlobalSection
	GlobalSection(ExtensibilityGlobals) = postSolution
		SolutionGuid = {31D1CB2D-8EF0-446C-BC6C-E7D2C8787431}
	EndGlobalSection
EndGlobal
